
Microsoft Visual Studio Solution File, Format Version 12.00
# Visual Studio Version 17
VisualStudioVersion = 17.2.32526.322
MinimumVisualStudioVersion = 10.0.40219.1
Project("{FAE04EC0-301F-11D3-BF4B-00C04F79EFBC}") = "EFMVCDemo", "EFMVCDemo\EFMVCDemo.csproj", "{F23E390B-08B5-4CDA-8AF8-ECE320057414}"
EndProject
Global
	GlobalSection(SolutionConfigurationPlatforms) = preSolution
		Debug|Any CPU = Debug|Any CPU
		Release|Any CPU = Release|Any CPU
	EndGlobalSection
	GlobalSection(ProjectConfigurationPlatforms) = postSolution
		{F23E390B-08B5-4CDA-8AF8-ECE320057414}.Debug|Any CPU.ActiveCfg = Debug|Any CPU
		{F23E390B-08B5-4CDA-8AF8-ECE320057414}.Debug|Any CPU.Build.0 = Debug|Any CPU
		{F23E390B-08B5-4CDA-8AF8-ECE320057414}.Release|Any CPU.ActiveCfg = Release|Any CPU
		{F23E390B-08B5-4CDA-8AF8-ECE320057414}.Release|Any CPU.Build.0 = Release|Any CPU
	EndGlobalSection
	GlobalSection(SolutionProperties) = preSolution
		HideSolutionNode = FALSE
	EndGlobalSection
	GlobalSection(ExtensibilityGlobals) = postSolution
		SolutionGuid = {25D78248-76A5-4148-8298-4C67B51F099C}
	EndGlobalSection
EndGlobal
